
Microsoft Visual Studio Solution File, Format Version 12.00
# Visual Studio Version 16
VisualStudioVersion = 16.0.29519.87
MinimumVisualStudioVersion = 10.0.40219.1
Project("{FAE04EC0-301F-11D3-BF4B-00C04F79EFBC}") = "Equanta.Book", "Equanta.Book\Equanta.Book.csproj", "{28C9D3D3-76FF-4EEC-A178-CB2DB5A1AD40}"
EndProject
Global
	GlobalSection(SolutionConfigurationPlatforms) = preSolution
		Debug|Any CPU = Debug|Any CPU
		Release|Any CPU = Release|Any CPU
	EndGlobalSection
	GlobalSection(ProjectConfigurationPlatforms) = postSolution
		{28C9D3D3-76FF-4EEC-A178-CB2DB5A1AD40}.Debug|Any CPU.ActiveCfg = Debug|Any CPU
		{28C9D3D3-76FF-4EEC-A178-CB2DB5A1AD40}.Debug|Any CPU.Build.0 = Debug|Any CPU
		{28C9D3D3-76FF-4EEC-A178-CB2DB5A1AD40}.Release|Any CPU.ActiveCfg = Release|Any CPU
		{28C9D3D3-76FF-4EEC-A178-CB2DB5A1AD40}.Release|Any CPU.Build.0 = Release|Any CPU
	EndGlobalSection
	GlobalSection(SolutionProperties) = preSolution
		HideSolutionNode = FALSE
	EndGlobalSection
	GlobalSection(ExtensibilityGlobals) = postSolution
		SolutionGuid = {7CE56B7E-4A99-41B9-8EAE-3A1557BF2FD4}
	EndGlobalSection
EndGlobal
